<?xml version="1.0" encoding="utf-8"?>
<Project ToolsVersion="4.0" xmlns="http://schemas.microsoft.com/developer/msbuild/2003">
  <ItemGroup>
    <Filter Include="Model">
      <UniqueIdentifier>{cb83f211-b3eb-4ff4-844e-9029428aace8}</UniqueIdentifier>
    </Filter>
    <Filter Include="Model\Header Files">
      <UniqueIdentifier>{86b5a315-085d-4e82-8238-fc60d9952598}</UniqueIdentifier>
    </Filter>
    <Filter Include="Model\Source Files">
      <UniqueIdentifier>{4b01b022-90cd-44aa-b500-4cdc38e14904}</UniqueIdentifier>
    </Filter>
    <Filter Include="Service">
      <UniqueIdentifier>{6d912000-5401-477d-a20b-e257957f313f}</UniqueIdentifier>
    </Filter>
    <Filter Include="Service\Header Files">
      <UniqueIdentifier>{a42829f5-cff5-42b5-b969-cae0bbb40343}</UniqueIdentifier>
    </Filter>
    <Filter Include="Service\Source Files">
      <UniqueIdentifier>{fe260f31-5f03-4515-8b19-7f841de76dfc}</UniqueIdentifier>
    </Filter>
    <Filter Include="Engine">
      <UniqueIdentifier>{59228f3c-abc8-48b1-8ed6-872462a424d1}</UniqueIdentifier>
    </Filter>
    <Filter Include="Engine\Header Files">
      <UniqueIdentifier>{a91e819c-fac7-464f-bde8-dba59f127512}</UniqueIdentifier>
    </Filter>
    <Filter Include="Engine\Source Files">
      <UniqueIdentifier>{dee32465-2afc-4b48-a939-18a51572ba98}</UniqueIdentifier>
    </Filter>
  </ItemGroup>
  <ItemGroup>
    <ClInclude Include="Mesh.h">
      <Filter>Model\Header Files</Filter>
    </ClInclude>
    <ClInclude Include="Vector3d.h">
      <Filter>Model\Header Files</Filter>
    </ClInclude>
    <ClInclude Include="Face.h">
      <Filter>Model\Header Files</Filter>
    </ClInclude>
    <ClInclude Include="ModelLoader.h">
      <Filter>Service\Header Files</Filter>
    </ClInclude>
    <ClInclude Include="Scene.h">
      <Filter>Model\Header Files</Filter>
    </ClInclude>
    <ClInclude Include="Camera.h">
      <Filter>Model\Header Files</Filter>
    </ClInclude>
    <ClInclude Include="Light.h">
      <Filter>Model\Header Files</Filter>
    </ClInclude>
    <ClInclude Include="Renderer.h">
      <Filter>Engine\Header Files</Filter>
    </ClInclude>
    <ClInclude Include="TransformMatrix.h">
      <Filter>Engine\Header Files</Filter>
    </ClInclude>
    <ClInclude Include="IndependendFace.h">
      <Filter>Model\Header Files</Filter>
    </ClInclude>
    <ClInclude Include="Engine.h">
      <Filter>Engine\Header Files</Filter>
    </ClInclude>
  </ItemGroup>
  <ItemGroup>
    <ClCompile Include="HeroEngine.cpp" />
    <ClCompile Include="Mesh.cpp">
      <Filter>Model\Source Files</Filter>
    </ClCompile>
    <ClCompile Include="Vector3d.cpp">
      <Filter>Model\Source Files</Filter>
    </ClCompile>
    <ClCompile Include="Face.cpp">
      <Filter>Model\Source Files</Filter>
    </ClCompile>
    <ClCompile Include="ModelLoader.cpp">
      <Filter>Service\Source Files</Filter>
    </ClCompile>
    <ClCompile Include="Scene.cpp">
      <Filter>Model\Source Files</Filter>
    </ClCompile>
    <ClCompile Include="Camera.cpp">
      <Filter>Model\Source Files</Filter>
    </ClCompile>
    <ClCompile Include="Light.cpp">
      <Filter>Model\Source Files</Filter>
    </ClCompile>
    <ClCompile Include="Renderer.cpp">
      <Filter>Engine\Source Files</Filter>
    </ClCompile>
    <ClCompile Include="TransformMatrix.cpp">
      <Filter>Engine\Source Files</Filter>
    </ClCompile>
    <ClCompile Include="IndependendFace.cpp">
      <Filter>Model\Source Files</Filter>
    </ClCompile>
    <ClCompile Include="Engine.cpp">
      <Filter>Engine\Source Files</Filter>
    </ClCompile>
  </ItemGroup>
</Project>